// !$*UTF8*$!
{
	archiveVersion = 1;
	classes = {
	};
	objectVersion = 77;
	objects = {

/* Begin PBXContainerItemProxy section */
		6E806A8A2E8C0EB300EB55FE /* PBXContainerItemProxy */ = {
			isa = PBXContainerItemProxy;
			containerPortal = 6E806A6B2E8C0EB200EB55FE /* Project object */;
			proxyType = 1;
			remoteGlobalIDString = 6E806A722E8C0EB200EB55FE;
			remoteInfo = VietQR;
		};
		6E806A942E8C0EB300EB55FE /* PBXContainerItemProxy */ = {
			isa = PBXContainerItemProxy;
			containerPortal = 6E806A6B2E8C0EB200EB55FE /* Project object */;
			proxyType = 1;
			remoteGlobalIDString = 6E806A722E8C0EB200EB55FE;
			remoteInfo = VietQR;
		};
/* End PBXContainerItemProxy section */

/* Begin PBXFileReference section */
		6E806A732E8C0EB200EB55FE /* VietQR.app */ = {isa = PBXFileReference; explicitFileType = wrapper.application; includeInIndex = 0; path = VietQR.app; sourceTree = BUILT_PRODUCTS_DIR; };
		6E806A892E8C0EB300EB55FE /* VietQRTests.xctest */ = {isa = PBXFileReference; explicitFileType = wrapper.cfbundle; includeInIndex = 0; path = VietQRTests.xctest; sourceTree = BUILT_PRODUCTS_DIR; };
		6E806A932E8C0EB300EB55FE /* VietQRUITests.xctest */ = {isa = PBXFileReference; explicitFileType = wrapper.cfbundle; includeInIndex = 0; path = VietQRUITests.xctest; sourceTree = BUILT_PRODUCTS_DIR; };
/* End PBXFileReference section */

/* Begin PBXFileSystemSynchronizedBuildFileExceptionSet section */
		6E806A9B2E8C0EB300EB55FE /* Exceptions for "VietQR" folder in "VietQR" target */ = {
			isa = PBXFileSystemSynchronizedBuildFileExceptionSet;
			membershipExceptions = (
				Info.plist,
			);
			target = 6E806A722E8C0EB200EB55FE /* VietQR */;
		};
/* End PBXFileSystemSynchronizedBuildFileExceptionSet section */

/* Begin PBXFileSystemSynchronizedRootGroup section */
		6E806A752E8C0EB200EB55FE /* VietQR */ = {
			isa = PBXFileSystemSynchronizedRootGroup;
			exceptions = (
				6E806A9B2E8C0EB300EB55FE /* Exceptions for "VietQR" folder in "VietQR" target */,
			);
			path = VietQR;
			sourceTree = "<group>";
		};
		6E806A8C2E8C0EB300EB55FE /* VietQRTests */ = {
			isa = PBXFileSystemSynchronizedRootGroup;
			path = VietQRTests;
			sourceTree = "<group>";
		};
		6E806A962E8C0EB300EB55FE /* VietQRUITests */ = {
			isa = PBXFileSystemSynchronizedRootGroup;
			path = VietQRUITests;
			sourceTree = "<group>";
		};
/* End PBXFileSystemSynchronizedRootGroup section */

/* Begin PBXFrameworksBuildPhase section */
		6E806A702E8C0EB200EB55FE /* Frameworks */ = {
			isa = PBXFrameworksBuildPhase;
			buildActionMask = 2147483647;
			files = (
			);
			runOnlyForDeploymentPostprocessing = 0;
		};
		6E806A862E8C0EB300EB55FE /* Frameworks */ = {
			isa = PBXFrameworksBuildPhase;
			buildActionMask = 2147483647;
			files = (
			);
			runOnlyForDeploymentPostprocessing = 0;
		};
		6E806A902E8C0EB300EB55FE /* Frameworks */ = {
			isa = PBXFrameworksBuildPhase;
			buildActionMask = 2147483647;
			files = (
			);
			runOnlyForDeploymentPostprocessing = 0;
		};
/* End PBXFrameworksBuildPhase section */

/* Begin PBXGroup section */
		6E806A6A2E8C0EB200EB55FE = {
			isa = PBXGroup;
			children = (
				6E806A752E8C0EB200EB55FE /* VietQR */,
				6E806A8C2E8C0EB300EB55FE /* VietQRTests */,
				6E806A962E8C0EB300EB55FE /* VietQRUITests */,
				6E806A742E8C0EB200EB55FE /* Products */,
			);
			sourceTree = "<group>";
		};
		6E806A742E8C0EB200EB55FE /* Products */ = {
			isa = PBXGroup;
			children = (
				6E806A732E8C0EB200EB55FE /* VietQR.app */,
				6E806A892E8C0EB300EB55FE /* VietQRTests.xctest */,
				6E806A932E8C0EB300EB55FE /* VietQRUITests.xctest */,
			);
			name = Products;
			sourceTree = "<group>";
		};
/* End PBXGroup section */

/* Begin PBXNativeTarget section */
		6E806A722E8C0EB200EB55FE /* VietQR */ = {
			isa = PBXNativeTarget;
			buildConfigurationList = 6E806A9C2E8C0EB300EB55FE /* Build configuration list for PBXNativeTarget "VietQR" */;
			buildPhases = (
				6E806A6F2E8C0EB200EB55FE /* Sources */,
				6E806A702E8C0EB200EB55FE /* Frameworks */,
				6E806A712E8C0EB200EB55FE /* Resources */,
			);
			buildRules = (
			);
			dependencies = (
			);
			fileSystemSynchronizedGroups = (
				6E806A752E8C0EB200EB55FE /* VietQR */,
			);
			name = VietQR;
			packageProductDependencies = (
			);
			productName = VietQR;
			productReference = 6E806A732E8C0EB200EB55FE /* VietQR.app */;
			productType = "com.apple.product-type.application";
		};
		6E806A882E8C0EB300EB55FE /* VietQRTests */ = {
			isa = PBXNativeTarget;
			buildConfigurationList = 6E806AA12E8C0EB300EB55FE /* Build configuration list for PBXNativeTarget "VietQRTests" */;
			buildPhases = (
				6E806A852E8C0EB300EB55FE /* Sources */,
				6E806A862E8C0EB300EB55FE /* Frameworks */,
				6E806A872E8C0EB300EB55FE /* Resources */,
			);
			buildRules = (
			);
			dependencies = (
				6E806A8B2E8C0EB300EB55FE /* PBXTargetDependency */,
			);
			fileSystemSynchronizedGroups = (
				6E806A8C2E8C0EB300EB55FE /* VietQRTests */,
			);
			name = VietQRTests;
			packageProductDependencies = (
			);
			productName = VietQRTests;
			productReference = 6E806A892E8C0EB300EB55FE /* VietQRTests.xctest */;
			productType = "com.apple.product-type.bundle.unit-test";
		};
		6E806A922E8C0EB300EB55FE /* VietQRUITests */ = {
			isa = PBXNativeTarget;
			buildConfigurationList = 6E806AA42E8C0EB300EB55FE /* Build configuration list for PBXNativeTarget "VietQRUITests" */;
			buildPhases = (
				6E806A8F2E8C0EB300EB55FE /* Sources */,
				6E806A902E8C0EB300EB55FE /* Frameworks */,
				6E806A912E8C0EB300EB55FE /* Resources */,
			);
			buildRules = (
			);
			dependencies = (
				6E806A952E8C0EB300EB55FE /* PBXTargetDependency */,
			);
			fileSystemSynchronizedGroups = (
				6E806A962E8C0EB300EB55FE /* VietQRUITests */,
			);
			name = VietQRUITests;
			packageProductDependencies = (
			);
			productName = VietQRUITests;
			productReference = 6E806A932E8C0EB300EB55FE /* VietQRUITests.xctest */;
			productType = "com.apple.product-type.bundle.ui-testing";
		};
/* End PBXNativeTarget section */

/* Begin PBXProject section */
		6E806A6B2E8C0EB200EB55FE /* Project object */ = {
			isa = PBXProject;
			attributes = {
				BuildIndependentTargetsInParallel = 1;
				LastSwiftUpdateCheck = 1640;
				LastUpgradeCheck = 1640;
				TargetAttributes = {
					6E806A722E8C0EB200EB55FE = {
						CreatedOnToolsVersion = 16.4;
					};
					6E806A882E8C0EB300EB55FE = {
						CreatedOnToolsVersion = 16.4;
						TestTargetID = 6E806A722E8C0EB200EB55FE;
					};
					6E806A922E8C0EB300EB55FE = {
						CreatedOnToolsVersion = 16.4;
						TestTargetID = 6E806A722E8C0EB200EB55FE;
					};
				};
			};
			buildConfigurationList = 6E806A6E2E8C0EB200EB55FE /* Build configuration list for PBXProject "VietQR" */;
			developmentRegion = en;
			hasScannedForEncodings = 0;
			knownRegions = (
				en,
				Base,
			);
			mainGroup = 6E806A6A2E8C0EB200EB55FE;
			minimizedProjectReferenceProxies = 1;
			preferredProjectObjectVersion = 77;
			productRefGroup = 6E806A742E8C0EB200EB55FE /* Products */;
			projectDirPath = "";
			projectRoot = "";
			targets = (
				6E806A722E8C0EB200EB55FE /* VietQR */,
				6E806A882E8C0EB300EB55FE /* VietQRTests */,
				6E806A922E8C0EB300EB55FE /* VietQRUITests */,
			);
		};
/* End PBXProject section */

/* Begin PBXResourcesBuildPhase section */
		6E806A712E8C0EB200EB55FE /* Resources */ = {
			isa = PBXResourcesBuildPhase;
			buildActionMask = 2147483647;
			files = (
			);
			runOnlyForDeploymentPostprocessing = 0;
		};
		6E806A872E8C0EB300EB55FE /* Resources */ = {
			isa = PBXResourcesBuildPhase;
			buildActionMask = 2147483647;
			files = (
			);
			runOnlyForDeploymentPostprocessing = 0;
		};
		6E806A912E8C0EB300EB55FE /* Resources */ = {
			isa = PBXResourcesBuildPhase;
			buildActionMask = 2147483647;
			files = (
			);
			runOnlyForDeploymentPostprocessing = 0;
		};
/* End PBXResourcesBuildPhase section */

/* Begin PBXSourcesBuildPhase section */
		6E806A6F2E8C0EB200EB55FE /* Sources */ = {
			isa = PBXSourcesBuildPhase;
			buildActionMask = 2147483647;
			files = (
			);
			runOnlyForDeploymentPostprocessing = 0;
		};
		6E806A852E8C0EB300EB55FE /* Sources */ = {
			isa = PBXSourcesBuildPhase;
			buildActionMask = 2147483647;
			files = (
			);
			runOnlyForDeploymentPostprocessing = 0;
		};
		6E806A8F2E8C0EB300EB55FE /* Sources */ = {
			isa = PBXSourcesBuildPhase;
			buildActionMask = 2147483647;
			files = (
			);
			runOnlyForDeploymentPostprocessing = 0;
		};
/* End PBXSourcesBuildPhase section */

/* Begin PBXTargetDependency section */
		6E806A8B2E8C0EB300EB55FE /* PBXTargetDependency */ = {
			isa = PBXTargetDependency;
			target = 6E806A722E8C0EB200EB55FE /* VietQR */;
			targetProxy = 6E806A8A2E8C0EB300EB55FE /* PBXContainerItemProxy */;
		};
		6E806A952E8C0EB300EB55FE /* PBXTargetDependency */ = {
			isa = PBXTargetDependency;
			target = 6E806A722E8C0EB200EB55FE /* VietQR */;
			targetProxy = 6E806A942E8C0EB300EB55FE /* PBXContainerItemProxy */;
		};
/* End PBXTargetDependency section */

/* Begin XCBuildConfiguration section */
		6E806A9D2E8C0EB300EB55FE /* Debug */ = {
			isa = XCBuildConfiguration;
			buildSettings = {
				ASSETCATALOG_COMPILER_APPICON_NAME = AppIcon;
				ASSETCATALOG_COMPILER_GLOBAL_ACCENT_COLOR_NAME = AccentColor;
				CODE_SIGN_STYLE = Automatic;
				CURRENT_PROJECT_VERSION = 1;
				DEVELOPMENT_TEAM = 7D2KWETKFP;
				GENERATE_INFOPLIST_FILE = YES;
				INFOPLIST_FILE = VietQR/Info.plist;
				INFOPLIST_KEY_UIApplicationSupportsIndirectInputEvents = YES;
				INFOPLIST_KEY_UILaunchStoryboardName = LaunchScreen;
				INFOPLIST_KEY_UIMainStoryboardFile = Main;
				INFOPLIST_KEY_UISupportedInterfaceOrientations_iPad = "UIInterfaceOrientationPortrait UIInterfaceOrientationPortraitUpsideDown UIInterfaceOrientationLandscapeLeft UIInterfaceOrientationLandscapeRight";
				INFOPLIST_KEY_UISupportedInterfaceOrientations_iPhone = "UIInterfaceOrientationPortrait UIInterfaceOrientationLandscapeLeft UIInterfaceOrientationLandscapeRight";
				IPHONEOS_DEPLOYMENT_TARGET = 16.6;
				LD_RUNPATH_SEARCH_PATHS = (
					"$(inherited)",
					"@executable_path/Frameworks",
				);
				MARKETING_VERSION = 1.0;
				PRODUCT_BUNDLE_IDENTIFIER = nht.VietQR;
				PRODUCT_NAME = "$(TARGET_NAME)";
				SWIFT_EMIT_LOC_STRINGS = YES;
				SWIFT_VERSION = 5.0;
				TARGETED_DEVICE_FAMILY = "1,2";
			};
			name = Debug;
		};
		6E806A9E2E8C0EB300EB55FE /* Release */ = {
			isa = XCBuildConfiguration;
			buildSettings = {
				ASSETCATALOG_COMPILER_APPICON_NAME = AppIcon;
				ASSETCATALOG_COMPILER_GLOBAL_ACCENT_COLOR_NAME = AccentColor;
				CODE_SIGN_STYLE = Automatic;
				CURRENT_PROJECT_VERSION = 1;
				DEVELOPMENT_TEAM = 7D2KWETKFP;
				GENERATE_INFOPLIST_FILE = YES;
				INFOPLIST_FILE = VietQR/Info.plist;
				INFOPLIST_KEY_UIApplicationSupportsIndirectInputEvents = YES;
				INFOPLIST_KEY_UILaunchStoryboardName = LaunchScreen;
				INFOPLIST_KEY_UIMainStoryboardFile = Main;
				INFOPLIST_KEY_UISupportedInterfaceOrientations_iPad = "UIInterfaceOrientationPortrait UIInterfaceOrientationPortraitUpsideDown UIInterfaceOrientationLandscapeLeft UIInterfaceOrientationLandscapeRight";
				INFOPLIST_KEY_UISupportedInterfaceOrientations_iPhone = "UIInterfaceOrientationPortrait UIInterfaceOrientationLandscapeLeft UIInterfaceOrientationLandscapeRight";
				IPHONEOS_DEPLOYMENT_TARGET = 16.6;
				LD_RUNPATH_SEARCH_PATHS = (
					"$(inherited)",
					"@executable_path/Frameworks",
				);
				MARKETING_VERSION = 1.0;
				PRODUCT_BUNDLE_IDENTIFIER = nht.VietQR;
				PRODUCT_NAME = "$(TARGET_NAME)";
				SWIFT_EMIT_LOC_STRINGS = YES;
				SWIFT_VERSION = 5.0;
				TARGETED_DEVICE_FAMILY = "1,2";
			};
			name = Release;
		};
		6E806A9F2E8C0EB300EB55FE /* Debug */ = {
			isa = XCBuildConfiguration;
			buildSettings = {
				ALWAYS_SEARCH_USER_PATHS = NO;
				ASSETCATALOG_COMPILER_GENERATE_SWIFT_ASSET_SYMBOL_EXTENSIONS = YES;
				CLANG_ANALYZER_NONNULL = YES;
				CLANG_ANALYZER_NUMBER_OBJECT_CONVERSION = YES_AGGRESSIVE;
				CLANG_CXX_LANGUAGE_STANDARD = "gnu++20";
				CLANG_ENABLE_MODULES = YES;
				CLANG_ENABLE_OBJC_ARC = YES;
				CLANG_ENABLE_OBJC_WEAK = YES;
				CLANG_WARN_BLOCK_CAPTURE_AUTORELEASING = YES;
				CLANG_WARN_BOOL_CONVERSION = YES;
				CLANG_WARN_COMMA = YES;
				CLANG_WARN_CONSTANT_CONVERSION = YES;
				CLANG_WARN_DEPRECATED_OBJC_IMPLEMENTATIONS = YES;
				CLANG_WARN_DIRECT_OBJC_ISA_USAGE = YES_ERROR;
				CLANG_WARN_DOCUMENTATION_COMMENTS = YES;
				CLANG_WARN_EMPTY_BODY = YES;
				CLANG_WARN_ENUM_CONVERSION = YES;
				CLANG_WARN_INFINITE_RECURSION = YES;
				CLANG_WARN_INT_CONVERSION = YES;
				CLANG_WARN_NON_LITERAL_NULL_CONVERSION = YES;
				CLANG_WARN_OBJC_IMPLICIT_RETAIN_SELF = YES;
				CLANG_WARN_OBJC_LITERAL_CONVERSION = YES;
				CLANG_WARN_OBJC_ROOT_CLASS = YES_ERROR;
				CLANG_WARN_QUOTED_INCLUDE_IN_FRAMEWORK_HEADER = YES;
				CLANG_WARN_RANGE_LOOP_ANALYSIS = YES;
				CLANG_WARN_STRICT_PROTOTYPES = YES;
				CLANG_WARN_SUSPICIOUS_MOVE = YES;
				CLANG_WARN_UNGUARDED_AVAILABILITY = YES_AGGRESSIVE;
				CLANG_WARN_UNREACHABLE_CODE = YES;
				CLANG_WARN__DUPLICATE_METHOD_MATCH = YES;
				COPY_PHASE_STRIP = NO;
				DEBUG_INFORMATION_FORMAT = dwarf;
				DEVELOPMENT_TEAM = 7D2KWETKFP;
				ENABLE_STRICT_OBJC_MSGSEND = YES;
				ENABLE_TESTABILITY = YES;
				ENABLE_USER_SCRIPT_SANDBOXING = YES;
				GCC_C_LANGUAGE_STANDARD = gnu17;
				GCC_DYNAMIC_NO_PIC = NO;
				GCC_NO_COMMON_BLOCKS = YES;
				GCC_OPTIMIZATION_LEVEL = 0;
				GCC_PREPROCESSOR_DEFINITIONS = (
					"DEBUG=1",
					"$(inherited)",
				);
				GCC_WARN_64_TO_32_BIT_CONVERSION = YES;
				GCC_WARN_ABOUT_RETURN_TYPE = YES_ERROR;
				GCC_WARN_UNDECLARED_SELECTOR = YES;
				GCC_WARN_UNINITIALIZED_AUTOS = YES_AGGRESSIVE;
				GCC_WARN_UNUSED_FUNCTION = YES;
				GCC_WARN_UNUSED_VARIABLE = YES;
				IPHONEOS_DEPLOYMENT_TARGET = 18.5;
				LOCALIZATION_PREFERS_STRING_CATALOGS = YES;
				MTL_ENABLE_DEBUG_INFO = INCLUDE_SOURCE;
				MTL_FAST_MATH = YES;
				ONLY_ACTIVE_ARCH = YES;
				SDKROOT = iphoneos;
				SWIFT_ACTIVE_COMPILATION_CONDITIONS = "DEBUG $(inherited)";
				SWIFT_OPTIMIZATION_LEVEL = "-Onone";
			};
			name = Debug;
		};
		6E806AA02E8C0EB300EB55FE /* Release */ = {
			isa = XCBuildConfiguration;
			buildSettings = {
				ALWAYS_SEARCH_USER_PATHS = NO;
				ASSETCATALOG_COMPILER_GENERATE_SWIFT_ASSET_SYMBOL_EXTENSIONS = YES;
				CLANG_ANALYZER_NONNULL = YES;
				CLANG_ANALYZER_NUMBER_OBJECT_CONVERSION = YES_AGGRESSIVE;
				CLANG_CXX_LANGUAGE_STANDARD = "gnu++20";
				CLANG_ENABLE_MODULES = YES;
				CLANG_ENABLE_OBJC_ARC = YES;
				CLANG_ENABLE_OBJC_WEAK = YES;
				CLANG_WARN_BLOCK_CAPTURE_AUTORELEASING = YES;
				CLANG_WARN_BOOL_CONVERSION = YES;
				CLANG_WARN_COMMA = YES;
				CLANG_WARN_CONSTANT_CONVERSION = YES;
				CLANG_WARN_DEPRECATED_OBJC_IMPLEMENTATIONS = YES;
				CLANG_WARN_DIRECT_OBJC_ISA_USAGE = YES_ERROR;
				CLANG_WARN_DOCUMENTATION_COMMENTS = YES;
				CLANG_WARN_EMPTY_BODY = YES;
				CLANG_WARN_ENUM_CONVERSION = YES;
				CLANG_WARN_INFINITE_RECURSION = YES;
				CLANG_WARN_INT_CONVERSION = YES;
				CLANG_WARN_NON_LITERAL_NULL_CONVERSION = YES;
				CLANG_WARN_OBJC_IMPLICIT_RETAIN_SELF = YES;
				CLANG_WARN_OBJC_LITERAL_CONVERSION = YES;
				CLANG_WARN_OBJC_ROOT_CLASS = YES_ERROR;
				CLANG_WARN_QUOTED_INCLUDE_IN_FRAMEWORK_HEADER = YES;
				CLANG_WARN_RANGE_LOOP_ANALYSIS = YES;
				CLANG_WARN_STRICT_PROTOTYPES = YES;
				CLANG_WARN_SUSPICIOUS_MOVE = YES;
				CLANG_WARN_UNGUARDED_AVAILABILITY = YES_AGGRESSIVE;
				CLANG_WARN_UNREACHABLE_CODE = YES;
				CLANG_WARN__DUPLICATE_METHOD_MATCH = YES;
				COPY_PHASE_STRIP = NO;
				DEBUG_INFORMATION_FORMAT = "dwarf-with-dsym";
				DEVELOPMENT_TEAM = 7D2KWETKFP;
				ENABLE_NS_ASSERTIONS = NO;
				ENABLE_STRICT_OBJC_MSGSEND = YES;
				ENABLE_USER_SCRIPT_SANDBOXING = YES;
				GCC_C_LANGUAGE_STANDARD = gnu17;
				GCC_NO_COMMON_BLOCKS = YES;
				GCC_WARN_64_TO_32_BIT_CONVERSION = YES;
				GCC_WARN_ABOUT_RETURN_TYPE = YES_ERROR;
				GCC_WARN_UNDECLARED_SELECTOR = YES;
				GCC_WARN_UNINITIALIZED_AUTOS = YES_AGGRESSIVE;
				GCC_WARN_UNUSED_FUNCTION = YES;
				GCC_WARN_UNUSED_VARIABLE = YES;
				IPHONEOS_DEPLOYMENT_TARGET = 18.5;
				LOCALIZATION_PREFERS_STRING_CATALOGS = YES;
				MTL_ENABLE_DEBUG_INFO = NO;
				MTL_FAST_MATH = YES;
				SDKROOT = iphoneos;
				SWIFT_COMPILATION_MODE = wholemodule;
				VALIDATE_PRODUCT = YES;
			};
			name = Release;
		};
		6E806AA22E8C0EB300EB55FE /* Debug */ = {
			isa = XCBuildConfiguration;
			buildSettings = {
				BUNDLE_LOADER = "$(TEST_HOST)";
				CODE_SIGN_STYLE = Automatic;
				CURRENT_PROJECT_VERSION = 1;
				DEVELOPMENT_TEAM = 7D2KWETKFP;
				GENERATE_INFOPLIST_FILE = YES;
				IPHONEOS_DEPLOYMENT_TARGET = 18.5;
				MARKETING_VERSION = 1.0;
				PRODUCT_BUNDLE_IDENTIFIER = nht.VietQRTests;
				PRODUCT_NAME = "$(TARGET_NAME)";
				SWIFT_EMIT_LOC_STRINGS = NO;
				SWIFT_VERSION = 5.0;
				TARGETED_DEVICE_FAMILY = "1,2";
				TEST_HOST = "$(BUILT_PRODUCTS_DIR)/VietQR.app/$(BUNDLE_EXECUTABLE_FOLDER_PATH)/VietQR";
			};
			name = Debug;
		};
		6E806AA32E8C0EB300EB55FE /* Release */ = {
			isa = XCBuildConfiguration;
			buildSettings = {
				BUNDLE_LOADER = "$(TEST_HOST)";
				CODE_SIGN_STYLE = Automatic;
				CURRENT_PROJECT_VERSION = 1;
				DEVELOPMENT_TEAM = 7D2KWETKFP;
				GENERATE_INFOPLIST_FILE = YES;
				IPHONEOS_DEPLOYMENT_TARGET = 18.5;
				MARKETING_VERSION = 1.0;
				PRODUCT_BUNDLE_IDENTIFIER = nht.VietQRTests;
				PRODUCT_NAME = "$(TARGET_NAME)";
				SWIFT_EMIT_LOC_STRINGS = NO;
				SWIFT_VERSION = 5.0;
				TARGETED_DEVICE_FAMILY = "1,2";
				TEST_HOST = "$(BUILT_PRODUCTS_DIR)/VietQR.app/$(BUNDLE_EXECUTABLE_FOLDER_PATH)/VietQR";
			};
			name = Release;
		};
		6E806AA52E8C0EB300EB55FE /* Debug */ = {
			isa = XCBuildConfiguration;
			buildSettings = {
				CODE_SIGN_STYLE = Automatic;
				CURRENT_PROJECT_VERSION = 1;
				DEVELOPMENT_TEAM = 7D2KWETKFP;
				GENERATE_INFOPLIST_FILE = YES;
				MARKETING_VERSION = 1.0;
				PRODUCT_BUNDLE_IDENTIFIER = nht.VietQRUITests;
				PRODUCT_NAME = "$(TARGET_NAME)";
				SWIFT_EMIT_LOC_STRINGS = NO;
				SWIFT_VERSION = 5.0;
				TARGETED_DEVICE_FAMILY = "1,2";
				TEST_TARGET_NAME = VietQR;
			};
			name = Debug;
		};
		6E806AA62E8C0EB300EB55FE /* Release */ = {
			isa = XCBuildConfiguration;
			buildSettings = {
				CODE_SIGN_STYLE = Automatic;
				CURRENT_PROJECT_VERSION = 1;
				DEVELOPMENT_TEAM = 7D2KWETKFP;
				GENERATE_INFOPLIST_FILE = YES;
				MARKETING_VERSION = 1.0;
				PRODUCT_BUNDLE_IDENTIFIER = nht.VietQRUITests;
				PRODUCT_NAME = "$(TARGET_NAME)";
				SWIFT_EMIT_LOC_STRINGS = NO;
				SWIFT_VERSION = 5.0;
				TARGETED_DEVICE_FAMILY = "1,2";
				TEST_TARGET_NAME = VietQR;
			};
			name = Release;
		};
/* End XCBuildConfiguration section */

/* Begin XCConfigurationList section */
		6E806A6E2E8C0EB200EB55FE /* Build configuration list for PBXProject "VietQR" */ = {
			isa = XCConfigurationList;
			buildConfigurations = (
				6E806A9F2E8C0EB300EB55FE /* Debug */,
				6E806AA02E8C0EB300EB55FE /* Release */,
			);
			defaultConfigurationIsVisible = 0;
			defaultConfigurationName = Release;
		};
		6E806A9C2E8C0EB300EB55FE /* Build configuration list for PBXNativeTarget "VietQR" */ = {
			isa = XCConfigurationList;
			buildConfigurations = (
				6E806A9D2E8C0EB300EB55FE /* Debug */,
				6E806A9E2E8C0EB300EB55FE /* Release */,
			);
			defaultConfigurationIsVisible = 0;
			defaultConfigurationName = Release;
		};
		6E806AA12E8C0EB300EB55FE /* Build configuration list for PBXNativeTarget "VietQRTests" */ = {
			isa = XCConfigurationList;
			buildConfigurations = (
				6E806AA22E8C0EB300EB55FE /* Debug */,
				6E806AA32E8C0EB300EB55FE /* Release */,
			);
			defaultConfigurationIsVisible = 0;
			defaultConfigurationName = Release;
		};
		6E806AA42E8C0EB300EB55FE /* Build configuration list for PBXNativeTarget "VietQRUITests" */ = {
			isa = XCConfigurationList;
			buildConfigurations = (
				6E806AA52E8C0EB300EB55FE /* Debug */,
				6E806AA62E8C0EB300EB55FE /* Release */,
			);
			defaultConfigurationIsVisible = 0;
			defaultConfigurationName = Release;
		};
/* End XCConfigurationList section */
	};
	rootObject = 6E806A6B2E8C0EB200EB55FE /* Project object */;
}
